// !$*UTF8*$!
{
	archiveVersion = 1;
	classes = {
	};
	objectVersion = 50;
	objects = {

/* Begin PBXBuildFile section */
		096778DA21FAC1390018DEA6 /* Date+Helpers.swift in Sources */ = {isa = PBXBuildFile; fileRef = 096778D921FAC1390018DEA6 /* Date+Helpers.swift */; };
		096778DC21FB8ACF0018DEA6 /* DateHelpersTests.swift in Sources */ = {isa = PBXBuildFile; fileRef = 096778DB21FB8ACF0018DEA6 /* DateHelpersTests.swift */; };
		097EBE0521F66A1E0032C8BE /* MarsRoverPhotosEditController.swift in Sources */ = {isa = PBXBuildFile; fileRef = 097EBE0421F66A1E0032C8BE /* MarsRoverPhotosEditController.swift */; };
		097EBE0721F69B350032C8BE /* ColorPickerDataSource.swift in Sources */ = {isa = PBXBuildFile; fileRef = 097EBE0621F69B350032C8BE /* ColorPickerDataSource.swift */; };
		097EBE0921F6B07F0032C8BE /* UITextView+Helpers.swift in Sources */ = {isa = PBXBuildFile; fileRef = 097EBE0821F6B07F0032C8BE /* UITextView+Helpers.swift */; };
		097EBE1121F6B82D0032C8BE /* Comparable+Helpers.swift in Sources */ = {isa = PBXBuildFile; fileRef = 097EBE1021F6B82D0032C8BE /* Comparable+Helpers.swift */; };
		097EBE1321F6B92E0032C8BE /* ComparableHelpersTests.swift in Sources */ = {isa = PBXBuildFile; fileRef = 097EBE1221F6B92E0032C8BE /* ComparableHelpersTests.swift */; };
		097EBE1721F7AA590032C8BE /* EarthImage.swift in Sources */ = {isa = PBXBuildFile; fileRef = 097EBE1621F7AA590032C8BE /* EarthImage.swift */; };
		097EBE1A21F7AB2D0032C8BE /* EarthImageryEndpoint.swift in Sources */ = {isa = PBXBuildFile; fileRef = 097EBE1921F7AB2D0032C8BE /* EarthImageryEndpoint.swift */; };
		097EBE1C21F7B6580032C8BE /* EarthImageryEndpointTests.swift in Sources */ = {isa = PBXBuildFile; fileRef = 097EBE1B21F7B6580032C8BE /* EarthImageryEndpointTests.swift */; };
		097EBE1E21F7B8E50032C8BE /* EarthImageryClient.swift in Sources */ = {isa = PBXBuildFile; fileRef = 097EBE1D21F7B8E50032C8BE /* EarthImageryClient.swift */; };
		097EBE2021F7BA890032C8BE /* EarthImageryClientTests.swift in Sources */ = {isa = PBXBuildFile; fileRef = 097EBE1F21F7BA890032C8BE /* EarthImageryClientTests.swift */; };
		097EBE2221F7BBBF0032C8BE /* earth_imagery_stub.json in Resources */ = {isa = PBXBuildFile; fileRef = 097EBE2121F7BBBF0032C8BE /* earth_imagery_stub.json */; };
		097EBE2421F7F2720032C8BE /* NasaApi.swift in Sources */ = {isa = PBXBuildFile; fileRef = 097EBE2321F7F2720032C8BE /* NasaApi.swift */; };
		097EBE2921F837490032C8BE /* MockUserDefaults.swift in Sources */ = {isa = PBXBuildFile; fileRef = 097EBE2821F837490032C8BE /* MockUserDefaults.swift */; };
		09A2578C21F1679D00C8722D /* MarsRoverPhotosFiltersController.swift in Sources */ = {isa = PBXBuildFile; fileRef = 09A2578B21F1679D00C8722D /* MarsRoverPhotosFiltersController.swift */; };
		09A2579221F194EA00C8722D /* MarsRoverPhotosCollectionController.swift in Sources */ = {isa = PBXBuildFile; fileRef = 09A2579121F194EA00C8722D /* MarsRoverPhotosCollectionController.swift */; };
		09A2579721F1977400C8722D /* MarsRoverPhotoCell.swift in Sources */ = {isa = PBXBuildFile; fileRef = 09A2579621F1977400C8722D /* MarsRoverPhotoCell.swift */; };
		09A2579A21F19EBC00C8722D /* UIViewController+Helpers.swift in Sources */ = {isa = PBXBuildFile; fileRef = 09A2579921F19EBC00C8722D /* UIViewController+Helpers.swift */; };
		09A2579D21F1A46100C8722D /* Kingfisher.framework in Frameworks */ = {isa = PBXBuildFile; fileRef = 09A2579C21F1A46100C8722D /* Kingfisher.framework */; };
		09A257A021F1AC6400C8722D /* MarsRoverPhotoTests.swift in Sources */ = {isa = PBXBuildFile; fileRef = 09A2579F21F1AC6400C8722D /* MarsRoverPhotoTests.swift */; };
		09A257A321F2537D00C8722D /* MarsRoverPhotosDataSource.swift in Sources */ = {isa = PBXBuildFile; fileRef = 09A257A221F2537D00C8722D /* MarsRoverPhotosDataSource.swift */; };
		09A257A821F2B3B400C8722D /* UITextField+Helpers.swift in Sources */ = {isa = PBXBuildFile; fileRef = 09A257A721F2B3B400C8722D /* UITextField+Helpers.swift */; };
		09D4AE1121F9049700000261 /* EarthImagerySearchController.swift in Sources */ = {isa = PBXBuildFile; fileRef = 09D4AE1021F9049700000261 /* EarthImagerySearchController.swift */; };
		09D4AE1321F908C800000261 /* SearchResultsController.swift in Sources */ = {isa = PBXBuildFile; fileRef = 09D4AE1221F908C800000261 /* SearchResultsController.swift */; };
		09D4AE1521F9149D00000261 /* MKMapView+Helpers.swift in Sources */ = {isa = PBXBuildFile; fileRef = 09D4AE1421F9149D00000261 /* MKMapView+Helpers.swift */; };
		09D4AE1721F9195700000261 /* CLPlacemark+Helpers.swift in Sources */ = {isa = PBXBuildFile; fileRef = 09D4AE1621F9195700000261 /* CLPlacemark+Helpers.swift */; };
		09D4AE1921F9340700000261 /* EarthImageryController.swift in Sources */ = {isa = PBXBuildFile; fileRef = 09D4AE1821F9340700000261 /* EarthImageryController.swift */; };
		09D4AE1B21FA906000000261 /* Default-568h@2x.png in Resources */ = {isa = PBXBuildFile; fileRef = 09D4AE1A21FA905F00000261 /* Default-568h@2x.png */; };
		09D4AE1F21FA909700000261 /* ApodEndpoint.swift in Sources */ = {isa = PBXBuildFile; fileRef = 09D4AE1E21FA909700000261 /* ApodEndpoint.swift */; };
		09D7761021FA9E4B0057187F /* ApodClient.swift in Sources */ = {isa = PBXBuildFile; fileRef = 09D7760F21FA9E4B0057187F /* ApodClient.swift */; };
		09D7761321FA9EB70057187F /* ApodItem.swift in Sources */ = {isa = PBXBuildFile; fileRef = 09D7761221FA9EB70057187F /* ApodItem.swift */; };
		09D7761521FAA0E90057187F /* ApodEndpointTests.swift in Sources */ = {isa = PBXBuildFile; fileRef = 09D7761421FAA0E90057187F /* ApodEndpointTests.swift */; };
		09D7761721FAA5CF0057187F /* apod_array_stub.json in Resources */ = {isa = PBXBuildFile; fileRef = 09D7761621FAA5CF0057187F /* apod_array_stub.json */; };
		09D7761921FAA6550057187F /* ApodClientTests.swift in Sources */ = {isa = PBXBuildFile; fileRef = 09D7761821FAA6550057187F /* ApodClientTests.swift */; };
		09D7761C21FAAE6F0057187F /* ApodCollectionController.swift in Sources */ = {isa = PBXBuildFile; fileRef = 09D7761B21FAAE6F0057187F /* ApodCollectionController.swift */; };
		09D7761F21FAAE920057187F /* ApodCell.swift in Sources */ = {isa = PBXBuildFile; fileRef = 09D7761E21FAAE920057187F /* ApodCell.swift */; };
		09D7762121FAB8340057187F /* ApodHeaderView.swift in Sources */ = {isa = PBXBuildFile; fileRef = 09D7762021FAB8340057187F /* ApodHeaderView.swift */; };
		09DEF69021EFDF4900A25956 /* AppDelegate.swift in Sources */ = {isa = PBXBuildFile; fileRef = 09DEF68F21EFDF4900A25956 /* AppDelegate.swift */; };
		09DEF69221EFDF4900A25956 /* ViewController.swift in Sources */ = {isa = PBXBuildFile; fileRef = 09DEF69121EFDF4900A25956 /* ViewController.swift */; };
		09DEF69521EFDF4900A25956 /* Main.storyboard in Resources */ = {isa = PBXBuildFile; fileRef = 09DEF69321EFDF4900A25956 /* Main.storyboard */; };
		09DEF69721EFDF4B00A25956 /* Assets.xcassets in Resources */ = {isa = PBXBuildFile; fileRef = 09DEF69621EFDF4B00A25956 /* Assets.xcassets */; };
		09DEF69A21EFDF4B00A25956 /* LaunchScreen.storyboard in Resources */ = {isa = PBXBuildFile; fileRef = 09DEF69821EFDF4B00A25956 /* LaunchScreen.storyboard */; };
		09DEF6A521EFDF4C00A25956 /* NASACapstoneTests.swift in Sources */ = {isa = PBXBuildFile; fileRef = 09DEF6A421EFDF4C00A25956 /* NASACapstoneTests.swift */; };
		09DEF6B721F00AC200A25956 /* ApiClient.swift in Sources */ = {isa = PBXBuildFile; fileRef = 09DEF6B621F00AC200A25956 /* ApiClient.swift */; };
		09DEF6B921F01E1400A25956 /* MockURLSession.swift in Sources */ = {isa = PBXBuildFile; fileRef = 09DEF6B821F01E1400A25956 /* MockURLSession.swift */; };
		09DEF6BB21F02A9700A25956 /* ApiClientTests.swift in Sources */ = {isa = PBXBuildFile; fileRef = 09DEF6BA21F02A9700A25956 /* ApiClientTests.swift */; };
		09DEF6BE21F02B7800A25956 /* MarsRoverPhoto.swift in Sources */ = {isa = PBXBuildFile; fileRef = 09DEF6BD21F02B7800A25956 /* MarsRoverPhoto.swift */; };
		09DEF6C221F02DBB00A25956 /* mars_rover_photos_stub.json in Resources */ = {isa = PBXBuildFile; fileRef = 09DEF6C121F02DBB00A25956 /* mars_rover_photos_stub.json */; };
		09DEF6C421F0FF5000A25956 /* MarsRoverPhotosClient.swift in Sources */ = {isa = PBXBuildFile; fileRef = 09DEF6C321F0FF5000A25956 /* MarsRoverPhotosClient.swift */; };
		09DEF6C821F105F100A25956 /* MarsRoverPhotosEndpoints.swift in Sources */ = {isa = PBXBuildFile; fileRef = 09DEF6C721F105F100A25956 /* MarsRoverPhotosEndpoints.swift */; };
		09DEF6CC21F10F5500A25956 /* Endpoint.swift in Sources */ = {isa = PBXBuildFile; fileRef = 09DEF6CB21F10F5500A25956 /* Endpoint.swift */; };
		09DEF6CE21F1154700A25956 /* ApiKey.swift in Sources */ = {isa = PBXBuildFile; fileRef = 09DEF6CD21F1154700A25956 /* ApiKey.swift */; };
		09DEF6D221F11A5C00A25956 /* MarsRoverPhotosEndpointsTests.swift in Sources */ = {isa = PBXBuildFile; fileRef = 09DEF6D121F11A5C00A25956 /* MarsRoverPhotosEndpointsTests.swift */; };
		09DEF6D421F1457E00A25956 /* MarsRoverPhotosClientTests.swift in Sources */ = {isa = PBXBuildFile; fileRef = 09DEF6D321F1457E00A25956 /* MarsRoverPhotosClientTests.swift */; };
		09EAD57121FBB60F00D2BB96 /* ApodDataSource.swift in Sources */ = {isa = PBXBuildFile; fileRef = 09EAD57021FBB60F00D2BB96 /* ApodDataSource.swift */; };
		09EAD57321FBCDB400D2BB96 /* ApodPageController.swift in Sources */ = {isa = PBXBuildFile; fileRef = 09EAD57221FBCDB400D2BB96 /* ApodPageController.swift */; };
		09EAD57521FBCE0000D2BB96 /* ApodItemController.swift in Sources */ = {isa = PBXBuildFile; fileRef = 09EAD57421FBCE0000D2BB96 /* ApodItemController.swift */; };
		09EAD57A21FBE12B00D2BB96 /* FBSDKShareKit.framework in Frameworks */ = {isa = PBXBuildFile; fileRef = 09EAD57621FBE12B00D2BB96 /* FBSDKShareKit.framework */; };
		09EAD57B21FBE12B00D2BB96 /* FBSDKCoreKit.framework in Frameworks */ = {isa = PBXBuildFile; fileRef = 09EAD57721FBE12B00D2BB96 /* FBSDKCoreKit.framework */; };
		09EAD57C21FBE12B00D2BB96 /* FacebookShare.framework in Frameworks */ = {isa = PBXBuildFile; fileRef = 09EAD57821FBE12B00D2BB96 /* FacebookShare.framework */; };
		09EAD57D21FBE12B00D2BB96 /* FacebookCore.framework in Frameworks */ = {isa = PBXBuildFile; fileRef = 09EAD57921FBE12B00D2BB96 /* FacebookCore.framework */; };
		09EAD57F21FBEB1C00D2BB96 /* Bolts.framework in Frameworks */ = {isa = PBXBuildFile; fileRef = 09EAD57E21FBEB1C00D2BB96 /* Bolts.framework */; };
/* End PBXBuildFile section */

/* Begin PBXContainerItemProxy section */
		09DEF6A121EFDF4C00A25956 /* PBXContainerItemProxy */ = {
			isa = PBXContainerItemProxy;
			containerPortal = 09DEF68421EFDF4900A25956 /* Project object */;
			proxyType = 1;
			remoteGlobalIDString = 09DEF68B21EFDF4900A25956;
			remoteInfo = NASACapstone;
		};
/* End PBXContainerItemProxy section */

/* Begin PBXFileReference section */
		096778D921FAC1390018DEA6 /* Date+Helpers.swift */ = {isa = PBXFileReference; lastKnownFileType = sourcecode.swift; path = "Date+Helpers.swift"; sourceTree = "<group>"; };
		096778DB21FB8ACF0018DEA6 /* DateHelpersTests.swift */ = {isa = PBXFileReference; lastKnownFileType = sourcecode.swift; path = DateHelpersTests.swift; sourceTree = "<group>"; };
		097EBE0421F66A1E0032C8BE /* MarsRoverPhotosEditController.swift */ = {isa = PBXFileReference; lastKnownFileType = sourcecode.swift; path = MarsRoverPhotosEditController.swift; sourceTree = "<group>"; };
		097EBE0621F69B350032C8BE /* ColorPickerDataSource.swift */ = {isa = PBXFileReference; lastKnownFileType = sourcecode.swift; path = ColorPickerDataSource.swift; sourceTree = "<group>"; };
		097EBE0821F6B07F0032C8BE /* UITextView+Helpers.swift */ = {isa = PBXFileReference; lastKnownFileType = sourcecode.swift; path = "UITextView+Helpers.swift"; sourceTree = "<group>"; };
		097EBE1021F6B82D0032C8BE /* Comparable+Helpers.swift */ = {isa = PBXFileReference; lastKnownFileType = sourcecode.swift; path = "Comparable+Helpers.swift"; sourceTree = "<group>"; };
		097EBE1221F6B92E0032C8BE /* ComparableHelpersTests.swift */ = {isa = PBXFileReference; lastKnownFileType = sourcecode.swift; path = ComparableHelpersTests.swift; sourceTree = "<group>"; };
		097EBE1621F7AA590032C8BE /* EarthImage.swift */ = {isa = PBXFileReference; lastKnownFileType = sourcecode.swift; path = EarthImage.swift; sourceTree = "<group>"; };
		097EBE1921F7AB2D0032C8BE /* EarthImageryEndpoint.swift */ = {isa = PBXFileReference; lastKnownFileType = sourcecode.swift; path = EarthImageryEndpoint.swift; sourceTree = "<group>"; };
		097EBE1B21F7B6580032C8BE /* EarthImageryEndpointTests.swift */ = {isa = PBXFileReference; lastKnownFileType = sourcecode.swift; path = EarthImageryEndpointTests.swift; sourceTree = "<group>"; };
		097EBE1D21F7B8E50032C8BE /* EarthImageryClient.swift */ = {isa = PBXFileReference; lastKnownFileType = sourcecode.swift; path = EarthImageryClient.swift; sourceTree = "<group>"; };
		097EBE1F21F7BA890032C8BE /* EarthImageryClientTests.swift */ = {isa = PBXFileReference; lastKnownFileType = sourcecode.swift; path = EarthImageryClientTests.swift; sourceTree = "<group>"; };
		097EBE2121F7BBBF0032C8BE /* earth_imagery_stub.json */ = {isa = PBXFileReference; lastKnownFileType = text.json; path = earth_imagery_stub.json; sourceTree = "<group>"; };
		097EBE2321F7F2720032C8BE /* NasaApi.swift */ = {isa = PBXFileReference; fileEncoding = 4; lastKnownFileType = sourcecode.swift; path = NasaApi.swift; sourceTree = "<group>"; };
		097EBE2821F837490032C8BE /* MockUserDefaults.swift */ = {isa = PBXFileReference; lastKnownFileType = sourcecode.swift; path = MockUserDefaults.swift; sourceTree = "<group>"; };
		09A2578B21F1679D00C8722D /* MarsRoverPhotosFiltersController.swift */ = {isa = PBXFileReference; lastKnownFileType = sourcecode.swift; path = MarsRoverPhotosFiltersController.swift; sourceTree = "<group>"; };
		09A2579121F194EA00C8722D /* MarsRoverPhotosCollectionController.swift */ = {isa = PBXFileReference; lastKnownFileType = sourcecode.swift; path = MarsRoverPhotosCollectionController.swift; sourceTree = "<group>"; };
		09A2579621F1977400C8722D /* MarsRoverPhotoCell.swift */ = {isa = PBXFileReference; lastKnownFileType = sourcecode.swift; path = MarsRoverPhotoCell.swift; sourceTree = "<group>"; };
		09A2579921F19EBC00C8722D /* UIViewController+Helpers.swift */ = {isa = PBXFileReference; lastKnownFileType = sourcecode.swift; path = "UIViewController+Helpers.swift"; sourceTree = "<group>"; };
		09A2579C21F1A46100C8722D /* Kingfisher.framework */ = {isa = PBXFileReference; lastKnownFileType = wrapper.framework; name = Kingfisher.framework; path = Carthage/Build/iOS/Kingfisher.framework; sourceTree = "<group>"; };
		09A2579F21F1AC6400C8722D /* MarsRoverPhotoTests.swift */ = {isa = PBXFileReference; lastKnownFileType = sourcecode.swift; path = MarsRoverPhotoTests.swift; sourceTree = "<group>"; };
		09A257A221F2537D00C8722D /* MarsRoverPhotosDataSource.swift */ = {isa = PBXFileReference; lastKnownFileType = sourcecode.swift; path = MarsRoverPhotosDataSource.swift; sourceTree = "<group>"; };
		09A257A721F2B3B400C8722D /* UITextField+Helpers.swift */ = {isa = PBXFileReference; lastKnownFileType = sourcecode.swift; path = "UITextField+Helpers.swift"; sourceTree = "<group>"; };
		09D4AE1021F9049700000261 /* EarthImagerySearchController.swift */ = {isa = PBXFileReference; lastKnownFileType = sourcecode.swift; path = EarthImagerySearchController.swift; sourceTree = "<group>"; };
		09D4AE1221F908C800000261 /* SearchResultsController.swift */ = {isa = PBXFileReference; lastKnownFileType = sourcecode.swift; path = SearchResultsController.swift; sourceTree = "<group>"; };
		09D4AE1421F9149D00000261 /* MKMapView+Helpers.swift */ = {isa = PBXFileReference; lastKnownFileType = sourcecode.swift; path = "MKMapView+Helpers.swift"; sourceTree = "<group>"; };
		09D4AE1621F9195700000261 /* CLPlacemark+Helpers.swift */ = {isa = PBXFileReference; lastKnownFileType = sourcecode.swift; path = "CLPlacemark+Helpers.swift"; sourceTree = "<group>"; };
		09D4AE1821F9340700000261 /* EarthImageryController.swift */ = {isa = PBXFileReference; lastKnownFileType = sourcecode.swift; path = EarthImageryController.swift; sourceTree = "<group>"; };
		09D4AE1A21FA905F00000261 /* Default-568h@2x.png */ = {isa = PBXFileReference; lastKnownFileType = image.png; path = "Default-568h@2x.png"; sourceTree = "<group>"; };
		09D4AE1E21FA909700000261 /* ApodEndpoint.swift */ = {isa = PBXFileReference; lastKnownFileType = sourcecode.swift; path = ApodEndpoint.swift; sourceTree = "<group>"; };
		09D7760F21FA9E4B0057187F /* ApodClient.swift */ = {isa = PBXFileReference; lastKnownFileType = sourcecode.swift; path = ApodClient.swift; sourceTree = "<group>"; };
		09D7761221FA9EB70057187F /* ApodItem.swift */ = {isa = PBXFileReference; lastKnownFileType = sourcecode.swift; path = ApodItem.swift; sourceTree = "<group>"; };
		09D7761421FAA0E90057187F /* ApodEndpointTests.swift */ = {isa = PBXFileReference; lastKnownFileType = sourcecode.swift; path = ApodEndpointTests.swift; sourceTree = "<group>"; };
		09D7761621FAA5CF0057187F /* apod_array_stub.json */ = {isa = PBXFileReference; lastKnownFileType = text.json; path = apod_array_stub.json; sourceTree = "<group>"; };
		09D7761821FAA6550057187F /* ApodClientTests.swift */ = {isa = PBXFileReference; lastKnownFileType = sourcecode.swift; path = ApodClientTests.swift; sourceTree = "<group>"; };
		09D7761B21FAAE6F0057187F /* ApodCollectionController.swift */ = {isa = PBXFileReference; lastKnownFileType = sourcecode.swift; path = ApodCollectionController.swift; sourceTree = "<group>"; };
		09D7761E21FAAE920057187F /* ApodCell.swift */ = {isa = PBXFileReference; lastKnownFileType = sourcecode.swift; path = ApodCell.swift; sourceTree = "<group>"; };
		09D7762021FAB8340057187F /* ApodHeaderView.swift */ = {isa = PBXFileReference; lastKnownFileType = sourcecode.swift; path = ApodHeaderView.swift; sourceTree = "<group>"; };
		09DEF68C21EFDF4900A25956 /* NASACapstone.app */ = {isa = PBXFileReference; explicitFileType = wrapper.application; includeInIndex = 0; path = NASACapstone.app; sourceTree = BUILT_PRODUCTS_DIR; };
		09DEF68F21EFDF4900A25956 /* AppDelegate.swift */ = {isa = PBXFileReference; lastKnownFileType = sourcecode.swift; path = AppDelegate.swift; sourceTree = "<group>"; };
		09DEF69121EFDF4900A25956 /* ViewController.swift */ = {isa = PBXFileReference; lastKnownFileType = sourcecode.swift; path = ViewController.swift; sourceTree = "<group>"; };
		09DEF69421EFDF4900A25956 /* Base */ = {isa = PBXFileReference; lastKnownFileType = file.storyboard; name = Base; path = Base.lproj/Main.storyboard; sourceTree = "<group>"; };
		09DEF69621EFDF4B00A25956 /* Assets.xcassets */ = {isa = PBXFileReference; lastKnownFileType = folder.assetcatalog; path = Assets.xcassets; sourceTree = "<group>"; };
		09DEF69921EFDF4B00A25956 /* Base */ = {isa = PBXFileReference; lastKnownFileType = file.storyboard; name = Base; path = Base.lproj/LaunchScreen.storyboard; sourceTree = "<group>"; };
		09DEF69B21EFDF4B00A25956 /* Info.plist */ = {isa = PBXFileReference; lastKnownFileType = text.plist.xml; path = Info.plist; sourceTree = "<group>"; };
		09DEF6A021EFDF4C00A25956 /* NASACapstoneTests.xctest */ = {isa = PBXFileReference; explicitFileType = wrapper.cfbundle; includeInIndex = 0; path = NASACapstoneTests.xctest; sourceTree = BUILT_PRODUCTS_DIR; };
		09DEF6A421EFDF4C00A25956 /* NASACapstoneTests.swift */ = {isa = PBXFileReference; lastKnownFileType = sourcecode.swift; path = NASACapstoneTests.swift; sourceTree = "<group>"; };
		09DEF6A621EFDF4C00A25956 /* Info.plist */ = {isa = PBXFileReference; lastKnownFileType = text.plist.xml; path = Info.plist; sourceTree = "<group>"; };
		09DEF6B621F00AC200A25956 /* ApiClient.swift */ = {isa = PBXFileReference; lastKnownFileType = sourcecode.swift; path = ApiClient.swift; sourceTree = "<group>"; };
		09DEF6B821F01E1400A25956 /* MockURLSession.swift */ = {isa = PBXFileReference; lastKnownFileType = sourcecode.swift; path = MockURLSession.swift; sourceTree = "<group>"; };
		09DEF6BA21F02A9700A25956 /* ApiClientTests.swift */ = {isa = PBXFileReference; lastKnownFileType = sourcecode.swift; path = ApiClientTests.swift; sourceTree = "<group>"; };
		09DEF6BD21F02B7800A25956 /* MarsRoverPhoto.swift */ = {isa = PBXFileReference; lastKnownFileType = sourcecode.swift; path = MarsRoverPhoto.swift; sourceTree = "<group>"; };
		09DEF6C121F02DBB00A25956 /* mars_rover_photos_stub.json */ = {isa = PBXFileReference; fileEncoding = 4; lastKnownFileType = text.json; path = mars_rover_photos_stub.json; sourceTree = "<group>"; };
		09DEF6C321F0FF5000A25956 /* MarsRoverPhotosClient.swift */ = {isa = PBXFileReference; lastKnownFileType = sourcecode.swift; path = MarsRoverPhotosClient.swift; sourceTree = "<group>"; };
		09DEF6C721F105F100A25956 /* MarsRoverPhotosEndpoints.swift */ = {isa = PBXFileReference; lastKnownFileType = sourcecode.swift; path = MarsRoverPhotosEndpoints.swift; sourceTree = "<group>"; };
		09DEF6CB21F10F5500A25956 /* Endpoint.swift */ = {isa = PBXFileReference; lastKnownFileType = sourcecode.swift; path = Endpoint.swift; sourceTree = "<group>"; };
		09DEF6CD21F1154700A25956 /* ApiKey.swift */ = {isa = PBXFileReference; lastKnownFileType = sourcecode.swift; path = ApiKey.swift; sourceTree = "<group>"; };
		09DEF6D121F11A5C00A25956 /* MarsRoverPhotosEndpointsTests.swift */ = {isa = PBXFileReference; lastKnownFileType = sourcecode.swift; path = MarsRoverPhotosEndpointsTests.swift; sourceTree = "<group>"; };
		09DEF6D321F1457E00A25956 /* MarsRoverPhotosClientTests.swift */ = {isa = PBXFileReference; lastKnownFileType = sourcecode.swift; path = MarsRoverPhotosClientTests.swift; sourceTree = "<group>"; };
		09EAD57021FBB60F00D2BB96 /* ApodDataSource.swift */ = {isa = PBXFileReference; lastKnownFileType = sourcecode.swift; path = ApodDataSource.swift; sourceTree = "<group>"; };
		09EAD57221FBCDB400D2BB96 /* ApodPageController.swift */ = {isa = PBXFileReference; lastKnownFileType = sourcecode.swift; path = ApodPageController.swift; sourceTree = "<group>"; };
		09EAD57421FBCE0000D2BB96 /* ApodItemController.swift */ = {isa = PBXFileReference; lastKnownFileType = sourcecode.swift; path = ApodItemController.swift; sourceTree = "<group>"; };
		09EAD57621FBE12B00D2BB96 /* FBSDKShareKit.framework */ = {isa = PBXFileReference; lastKnownFileType = wrapper.framework; name = FBSDKShareKit.framework; path = Carthage/Build/iOS/FBSDKShareKit.framework; sourceTree = "<group>"; };
		09EAD57721FBE12B00D2BB96 /* FBSDKCoreKit.framework */ = {isa = PBXFileReference; lastKnownFileType = wrapper.framework; name = FBSDKCoreKit.framework; path = Carthage/Build/iOS/FBSDKCoreKit.framework; sourceTree = "<group>"; };
		09EAD57821FBE12B00D2BB96 /* FacebookShare.framework */ = {isa = PBXFileReference; lastKnownFileType = wrapper.framework; name = FacebookShare.framework; path = Carthage/Build/iOS/FacebookShare.framework; sourceTree = "<group>"; };
		09EAD57921FBE12B00D2BB96 /* FacebookCore.framework */ = {isa = PBXFileReference; lastKnownFileType = wrapper.framework; name = FacebookCore.framework; path = Carthage/Build/iOS/FacebookCore.framework; sourceTree = "<group>"; };
		09EAD57E21FBEB1C00D2BB96 /* Bolts.framework */ = {isa = PBXFileReference; lastKnownFileType = wrapper.framework; name = Bolts.framework; path = Carthage/Build/iOS/Bolts.framework; sourceTree = "<group>"; };
/* End PBXFileReference section */

/* Begin PBXFrameworksBuildPhase section */
		09DEF68921EFDF4900A25956 /* Frameworks */ = {
			isa = PBXFrameworksBuildPhase;
			buildActionMask = 2147483647;
			files = (
				09A2579D21F1A46100C8722D /* Kingfisher.framework in Frameworks */,
				09EAD57F21FBEB1C00D2BB96 /* Bolts.framework in Frameworks */,
				09EAD57A21FBE12B00D2BB96 /* FBSDKShareKit.framework in Frameworks */,
				09EAD57B21FBE12B00D2BB96 /* FBSDKCoreKit.framework in Frameworks */,
				09EAD57C21FBE12B00D2BB96 /* FacebookShare.framework in Frameworks */,
				09EAD57D21FBE12B00D2BB96 /* FacebookCore.framework in Frameworks */,
			);
			runOnlyForDeploymentPostprocessing = 0;
		};
		09DEF69D21EFDF4C00A25956 /* Frameworks */ = {
			isa = PBXFrameworksBuildPhase;
			buildActionMask = 2147483647;
			files = (
			);
			runOnlyForDeploymentPostprocessing = 0;
		};
/* End PBXFrameworksBuildPhase section */

/* Begin PBXGroup section */
		097EBE1421F7A9E60032C8BE /* EarthImagery */ = {
			isa = PBXGroup;
			children = (
				09D4AE0F21F9045600000261 /* Controllers */,
				097EBE1821F7AB000032C8BE /* Networking */,
				097EBE1521F7AA270032C8BE /* Model */,
			);
			path = EarthImagery;
			sourceTree = "<group>";
		};
		097EBE1521F7AA270032C8BE /* Model */ = {
			isa = PBXGroup;
			children = (
				097EBE1621F7AA590032C8BE /* EarthImage.swift */,
			);
			path = Model;
			sourceTree = "<group>";
		};
		097EBE1821F7AB000032C8BE /* Networking */ = {
			isa = PBXGroup;
			children = (
				097EBE1921F7AB2D0032C8BE /* EarthImageryEndpoint.swift */,
				097EBE1D21F7B8E50032C8BE /* EarthImageryClient.swift */,
			);
			path = Networking;
			sourceTree = "<group>";
		};
		09A2578821F166B800C8722D /* MarsRoverPhotos */ = {
			isa = PBXGroup;
			children = (
				09A257A121F2535900C8722D /* DataSource */,
				09A2579521F1975200C8722D /* Views */,
				09A2578E21F1682500C8722D /* Networking */,
				09DEF6BC21F02B4500A25956 /* Model */,
				09A2578D21F167FA00C8722D /* Controllers */,
			);
			path = MarsRoverPhotos;
			sourceTree = "<group>";
		};
		09A2578D21F167FA00C8722D /* Controllers */ = {
			isa = PBXGroup;
			children = (
				09A2579121F194EA00C8722D /* MarsRoverPhotosCollectionController.swift */,
				09A2578B21F1679D00C8722D /* MarsRoverPhotosFiltersController.swift */,
				097EBE0421F66A1E0032C8BE /* MarsRoverPhotosEditController.swift */,
			);
			path = Controllers;
			sourceTree = "<group>";
		};
		09A2578E21F1682500C8722D /* Networking */ = {
			isa = PBXGroup;
			children = (
				09DEF6C721F105F100A25956 /* MarsRoverPhotosEndpoints.swift */,
				09DEF6C321F0FF5000A25956 /* MarsRoverPhotosClient.swift */,
			);
			path = Networking;
			sourceTree = "<group>";
		};
		09A2579521F1975200C8722D /* Views */ = {
			isa = PBXGroup;
			children = (
				09A2579621F1977400C8722D /* MarsRoverPhotoCell.swift */,
			);
			path = Views;
			sourceTree = "<group>";
		};
		09A2579821F19E8C00C8722D /* Extensions */ = {
			isa = PBXGroup;
			children = (
				09A2579921F19EBC00C8722D /* UIViewController+Helpers.swift */,
				09A257A721F2B3B400C8722D /* UITextField+Helpers.swift */,
				097EBE0821F6B07F0032C8BE /* UITextView+Helpers.swift */,
				097EBE1021F6B82D0032C8BE /* Comparable+Helpers.swift */,
				09D4AE1421F9149D00000261 /* MKMapView+Helpers.swift */,
				09D4AE1621F9195700000261 /* CLPlacemark+Helpers.swift */,
				096778D921FAC1390018DEA6 /* Date+Helpers.swift */,
			);
			path = Extensions;
			sourceTree = "<group>";
		};
		09A2579B21F1A46100C8722D /* Frameworks */ = {
			isa = PBXGroup;
			children = (
				09EAD57E21FBEB1C00D2BB96 /* Bolts.framework */,
				09EAD57921FBE12B00D2BB96 /* FacebookCore.framework */,
				09EAD57821FBE12B00D2BB96 /* FacebookShare.framework */,
				09EAD57721FBE12B00D2BB96 /* FBSDKCoreKit.framework */,
				09EAD57621FBE12B00D2BB96 /* FBSDKShareKit.framework */,
				09A2579C21F1A46100C8722D /* Kingfisher.framework */,
			);
			name = Frameworks;
			sourceTree = "<group>";
		};
		09A257A121F2535900C8722D /* DataSource */ = {
			isa = PBXGroup;
			children = (
				09A257A221F2537D00C8722D /* MarsRoverPhotosDataSource.swift */,
				097EBE0621F69B350032C8BE /* ColorPickerDataSource.swift */,
			);
			path = DataSource;
			sourceTree = "<group>";
		};
		09D4AE0F21F9045600000261 /* Controllers */ = {
			isa = PBXGroup;
			children = (
				09D4AE1021F9049700000261 /* EarthImagerySearchController.swift */,
				09D4AE1221F908C800000261 /* SearchResultsController.swift */,
				09D4AE1821F9340700000261 /* EarthImageryController.swift */,
			);
			path = Controllers;
			sourceTree = "<group>";
		};
		09D4AE1C21FA907600000261 /* APOD */ = {
			isa = PBXGroup;
			children = (
				09EAD56F21FBB5EF00D2BB96 /* DataSource */,
				09D7761D21FAAE740057187F /* Views */,
				09D7761A21FAAE220057187F /* Controllers */,
				09D7761121FA9E980057187F /* Model */,
				09D4AE1D21FA907F00000261 /* Networking */,
			);
			path = APOD;
			sourceTree = "<group>";
		};
		09D4AE1D21FA907F00000261 /* Networking */ = {
			isa = PBXGroup;
			children = (
				09D4AE1E21FA909700000261 /* ApodEndpoint.swift */,
				09D7760F21FA9E4B0057187F /* ApodClient.swift */,
			);
			path = Networking;
			sourceTree = "<group>";
		};
		09D7761121FA9E980057187F /* Model */ = {
			isa = PBXGroup;
			children = (
				09D7761221FA9EB70057187F /* ApodItem.swift */,
			);
			path = Model;
			sourceTree = "<group>";
		};
		09D7761A21FAAE220057187F /* Controllers */ = {
			isa = PBXGroup;
			children = (
				09D7761B21FAAE6F0057187F /* ApodCollectionController.swift */,
				09EAD57221FBCDB400D2BB96 /* ApodPageController.swift */,
				09EAD57421FBCE0000D2BB96 /* ApodItemController.swift */,
			);
			path = Controllers;
			sourceTree = "<group>";
		};
		09D7761D21FAAE740057187F /* Views */ = {
			isa = PBXGroup;
			children = (
				09D7761E21FAAE920057187F /* ApodCell.swift */,
				09D7762021FAB8340057187F /* ApodHeaderView.swift */,
			);
			path = Views;
			sourceTree = "<group>";
		};
		09DEF68321EFDF4900A25956 = {
			isa = PBXGroup;
			children = (
				09D4AE1A21FA905F00000261 /* Default-568h@2x.png */,
				09DEF68E21EFDF4900A25956 /* NASACapstone */,
				09DEF6A321EFDF4C00A25956 /* NASACapstoneTests */,
				09DEF68D21EFDF4900A25956 /* Products */,
				09A2579B21F1A46100C8722D /* Frameworks */,
			);
			sourceTree = "<group>";
		};
		09DEF68D21EFDF4900A25956 /* Products */ = {
			isa = PBXGroup;
			children = (
				09DEF68C21EFDF4900A25956 /* NASACapstone.app */,
				09DEF6A021EFDF4C00A25956 /* NASACapstoneTests.xctest */,
			);
			name = Products;
			sourceTree = "<group>";
		};
		09DEF68E21EFDF4900A25956 /* NASACapstone */ = {
			isa = PBXGroup;
			children = (
				09A2579821F19E8C00C8722D /* Extensions */,
				09DEF6AF21F0074400A25956 /* Networking */,
				09A2578821F166B800C8722D /* MarsRoverPhotos */,
				097EBE1421F7A9E60032C8BE /* EarthImagery */,
				09D4AE1C21FA907600000261 /* APOD */,
				09DEF68F21EFDF4900A25956 /* AppDelegate.swift */,
				09DEF69121EFDF4900A25956 /* ViewController.swift */,
				09DEF69321EFDF4900A25956 /* Main.storyboard */,
				09DEF69621EFDF4B00A25956 /* Assets.xcassets */,
				09DEF69821EFDF4B00A25956 /* LaunchScreen.storyboard */,
				09DEF69B21EFDF4B00A25956 /* Info.plist */,
			);
			path = NASACapstone;
			sourceTree = "<group>";
		};
		09DEF6A321EFDF4C00A25956 /* NASACapstoneTests */ = {
			isa = PBXGroup;
			children = (
				096778DB21FB8ACF0018DEA6 /* DateHelpersTests.swift */,
				097EBE1221F6B92E0032C8BE /* ComparableHelpersTests.swift */,
				09A2579F21F1AC6400C8722D /* MarsRoverPhotoTests.swift */,
				09DEF6D321F1457E00A25956 /* MarsRoverPhotosClientTests.swift */,
				09DEF6D121F11A5C00A25956 /* MarsRoverPhotosEndpointsTests.swift */,
				097EBE1B21F7B6580032C8BE /* EarthImageryEndpointTests.swift */,
				097EBE1F21F7BA890032C8BE /* EarthImageryClientTests.swift */,
				09D7761421FAA0E90057187F /* ApodEndpointTests.swift */,
				09D7761821FAA6550057187F /* ApodClientTests.swift */,
				09DEF6BA21F02A9700A25956 /* ApiClientTests.swift */,
				09DEF6A421EFDF4C00A25956 /* NASACapstoneTests.swift */,
				09DEF6B821F01E1400A25956 /* MockURLSession.swift */,
				097EBE2821F837490032C8BE /* MockUserDefaults.swift */,
				09DEF6A621EFDF4C00A25956 /* Info.plist */,
				09DEF6C121F02DBB00A25956 /* mars_rover_photos_stub.json */,
				097EBE2121F7BBBF0032C8BE /* earth_imagery_stub.json */,
				09D7761621FAA5CF0057187F /* apod_array_stub.json */,
			);
			path = NASACapstoneTests;
			sourceTree = "<group>";
		};
		09DEF6AF21F0074400A25956 /* Networking */ = {
			isa = PBXGroup;
			children = (
				097EBE2321F7F2720032C8BE /* NasaApi.swift */,
				09DEF6CD21F1154700A25956 /* ApiKey.swift */,
				09DEF6CB21F10F5500A25956 /* Endpoint.swift */,
				09DEF6B621F00AC200A25956 /* ApiClient.swift */,
			);
			path = Networking;
			sourceTree = "<group>";
		};
		09DEF6BC21F02B4500A25956 /* Model */ = {
			isa = PBXGroup;
			children = (
				09DEF6BD21F02B7800A25956 /* MarsRoverPhoto.swift */,
			);
			path = Model;
			sourceTree = "<group>";
		};
		09EAD56F21FBB5EF00D2BB96 /* DataSource */ = {
			isa = PBXGroup;
			children = (
				09EAD57021FBB60F00D2BB96 /* ApodDataSource.swift */,
			);
			path = DataSource;
			sourceTree = "<group>";
		};
/* End PBXGroup section */

/* Begin PBXNativeTarget section */
		09DEF68B21EFDF4900A25956 /* NASACapstone */ = {
			isa = PBXNativeTarget;
			buildConfigurationList = 09DEF6A921EFDF4C00A25956 /* Build configuration list for PBXNativeTarget "NASACapstone" */;
			buildPhases = (
				09DEF68821EFDF4900A25956 /* Sources */,
				09DEF68921EFDF4900A25956 /* Frameworks */,
				09DEF68A21EFDF4900A25956 /* Resources */,
				09A2579E21F1A4AE00C8722D /* ShellScript */,
			);
			buildRules = (
			);
			dependencies = (
			);
			name = NASACapstone;
			productName = NASACapstone;
			productReference = 09DEF68C21EFDF4900A25956 /* NASACapstone.app */;
			productType = "com.apple.product-type.application";
		};
		09DEF69F21EFDF4C00A25956 /* NASACapstoneTests */ = {
			isa = PBXNativeTarget;
			buildConfigurationList = 09DEF6AC21EFDF4C00A25956 /* Build configuration list for PBXNativeTarget "NASACapstoneTests" */;
			buildPhases = (
				09DEF69C21EFDF4C00A25956 /* Sources */,
				09DEF69D21EFDF4C00A25956 /* Frameworks */,
				09DEF69E21EFDF4C00A25956 /* Resources */,
			);
			buildRules = (
			);
			dependencies = (
				09DEF6A221EFDF4C00A25956 /* PBXTargetDependency */,
			);
			name = NASACapstoneTests;
			productName = NASACapstoneTests;
			productReference = 09DEF6A021EFDF4C00A25956 /* NASACapstoneTests.xctest */;
			productType = "com.apple.product-type.bundle.unit-test";
		};
/* End PBXNativeTarget section */

/* Begin PBXProject section */
		09DEF68421EFDF4900A25956 /* Project object */ = {
			isa = PBXProject;
			attributes = {
				LastSwiftUpdateCheck = 1010;
				LastUpgradeCheck = 1010;
				ORGANIZATIONNAME = "Round and Rhombus";
				TargetAttributes = {
					09DEF68B21EFDF4900A25956 = {
						CreatedOnToolsVersion = 10.1;
					};
					09DEF69F21EFDF4C00A25956 = {
						CreatedOnToolsVersion = 10.1;
						TestTargetID = 09DEF68B21EFDF4900A25956;
					};
				};
			};
			buildConfigurationList = 09DEF68721EFDF4900A25956 /* Build configuration list for PBXProject "NASACapstone" */;
			compatibilityVersion = "Xcode 9.3";
			developmentRegion = en;
			hasScannedForEncodings = 0;
			knownRegions = (
				en,
				Base,
			);
			mainGroup = 09DEF68321EFDF4900A25956;
			productRefGroup = 09DEF68D21EFDF4900A25956 /* Products */;
			projectDirPath = "";
			projectRoot = "";
			targets = (
				09DEF68B21EFDF4900A25956 /* NASACapstone */,
				09DEF69F21EFDF4C00A25956 /* NASACapstoneTests */,
			);
		};
/* End PBXProject section */

/* Begin PBXResourcesBuildPhase section */
		09DEF68A21EFDF4900A25956 /* Resources */ = {
			isa = PBXResourcesBuildPhase;
			buildActionMask = 2147483647;
			files = (
				09DEF69A21EFDF4B00A25956 /* LaunchScreen.storyboard in Resources */,
				09D4AE1B21FA906000000261 /* Default-568h@2x.png in Resources */,
				09DEF69721EFDF4B00A25956 /* Assets.xcassets in Resources */,
				09DEF69521EFDF4900A25956 /* Main.storyboard in Resources */,
			);
			runOnlyForDeploymentPostprocessing = 0;
		};
		09DEF69E21EFDF4C00A25956 /* Resources */ = {
			isa = PBXResourcesBuildPhase;
			buildActionMask = 2147483647;
			files = (
				09D7761721FAA5CF0057187F /* apod_array_stub.json in Resources */,
				09DEF6C221F02DBB00A25956 /* mars_rover_photos_stub.json in Resources */,
				097EBE2221F7BBBF0032C8BE /* earth_imagery_stub.json in Resources */,
			);
			runOnlyForDeploymentPostprocessing = 0;
		};
/* End PBXResourcesBuildPhase section */

/* Begin PBXShellScriptBuildPhase section */
		09A2579E21F1A4AE00C8722D /* ShellScript */ = {
			isa = PBXShellScriptBuildPhase;
			buildActionMask = 2147483647;
			files = (
			);
			inputFileListPaths = (
			);
			inputPaths = (
				"$(SRCROOT)/Carthage/Build/iOS/Kingfisher.framework",
				"$(SRCROOT)/Carthage/Build/iOS/FacebookCore.framework",
				"$(SRCROOT)/Carthage/Build/iOS/FBSDKCoreKit.framework",
				"$(SRCROOT)/Carthage/Build/iOS/Bolts.framework",
				"$(SRCROOT)/Carthage/Build/iOS/FacebookShare.framework",
				"$(SRCROOT)/Carthage/Build/iOS/FBSDKShareKit.framework",
			);
			outputFileListPaths = (
			);
			outputPaths = (
				"$(BUILT_PRODUCTS_DIR)/$(FRAMEWORKS_FOLDER_PATH)/Kingfisher.framework",
			);
			runOnlyForDeploymentPostprocessing = 0;
			shellPath = /bin/sh;
			shellScript = "/usr/local/bin/carthage copy-frameworks\n";
		};
/* End PBXShellScriptBuildPhase section */

/* Begin PBXSourcesBuildPhase section */
		09DEF68821EFDF4900A25956 /* Sources */ = {
			isa = PBXSourcesBuildPhase;
			buildActionMask = 2147483647;
			files = (
				09D7761321FA9EB70057187F /* ApodItem.swift in Sources */,
				096778DA21FAC1390018DEA6 /* Date+Helpers.swift in Sources */,
				097EBE1E21F7B8E50032C8BE /* EarthImageryClient.swift in Sources */,
				09D4AE1921F9340700000261 /* EarthImageryController.swift in Sources */,
				09D7761021FA9E4B0057187F /* ApodClient.swift in Sources */,
				09A2578C21F1679D00C8722D /* MarsRoverPhotosFiltersController.swift in Sources */,
				09D7762121FAB8340057187F /* ApodHeaderView.swift in Sources */,
				09DEF6CC21F10F5500A25956 /* Endpoint.swift in Sources */,
				09EAD57321FBCDB400D2BB96 /* ApodPageController.swift in Sources */,
				09A2579721F1977400C8722D /* MarsRoverPhotoCell.swift in Sources */,
				09D4AE1321F908C800000261 /* SearchResultsController.swift in Sources */,
				09D4AE1F21FA909700000261 /* ApodEndpoint.swift in Sources */,
				09A257A321F2537D00C8722D /* MarsRoverPhotosDataSource.swift in Sources */,
				09D4AE1121F9049700000261 /* EarthImagerySearchController.swift in Sources */,
				09DEF6C421F0FF5000A25956 /* MarsRoverPhotosClient.swift in Sources */,
				097EBE1121F6B82D0032C8BE /* Comparable+Helpers.swift in Sources */,
				09D7761F21FAAE920057187F /* ApodCell.swift in Sources */,
				097EBE1721F7AA590032C8BE /* EarthImage.swift in Sources */,
				09EAD57121FBB60F00D2BB96 /* ApodDataSource.swift in Sources */,
				09DEF6CE21F1154700A25956 /* ApiKey.swift in Sources */,
				097EBE0521F66A1E0032C8BE /* MarsRoverPhotosEditController.swift in Sources */,
				097EBE0721F69B350032C8BE /* ColorPickerDataSource.swift in Sources */,
				09D4AE1521F9149D00000261 /* MKMapView+Helpers.swift in Sources */,
				097EBE2421F7F2720032C8BE /* NasaApi.swift in Sources */,
				09A2579221F194EA00C8722D /* MarsRoverPhotosCollectionController.swift in Sources */,
				09DEF69221EFDF4900A25956 /* ViewController.swift in Sources */,
				09A257A821F2B3B400C8722D /* UITextField+Helpers.swift in Sources */,
				09DEF6B721F00AC200A25956 /* ApiClient.swift in Sources */,
				09DEF6BE21F02B7800A25956 /* MarsRoverPhoto.swift in Sources */,
				097EBE0921F6B07F0032C8BE /* UITextView+Helpers.swift in Sources */,
				09DEF69021EFDF4900A25956 /* AppDelegate.swift in Sources */,
				09DEF6C821F105F100A25956 /* MarsRoverPhotosEndpoints.swift in Sources */,
				09D4AE1721F9195700000261 /* CLPlacemark+Helpers.swift in Sources */,
				097EBE1A21F7AB2D0032C8BE /* EarthImageryEndpoint.swift in Sources */,
				09D7761C21FAAE6F0057187F /* ApodCollectionController.swift in Sources */,
				09A2579A21F19EBC00C8722D /* UIViewController+Helpers.swift in Sources */,
				09EAD57521FBCE0000D2BB96 /* ApodItemController.swift in Sources */,
			);
			runOnlyForDeploymentPostprocessing = 0;
		};
		09DEF69C21EFDF4C00A25956 /* Sources */ = {
			isa = PBXSourcesBuildPhase;
			buildActionMask = 2147483647;
			files = (
				097EBE1C21F7B6580032C8BE /* EarthImageryEndpointTests.swift in Sources */,
				097EBE2021F7BA890032C8BE /* EarthImageryClientTests.swift in Sources */,
				09D7761921FAA6550057187F /* ApodClientTests.swift in Sources */,
				09A257A021F1AC6400C8722D /* MarsRoverPhotoTests.swift in Sources */,
				09DEF6BB21F02A9700A25956 /* ApiClientTests.swift in Sources */,
				09DEF6B921F01E1400A25956 /* MockURLSession.swift in Sources */,
				09DEF6A521EFDF4C00A25956 /* NASACapstoneTests.swift in Sources */,
				09D7761521FAA0E90057187F /* ApodEndpointTests.swift in Sources */,
				097EBE2921F837490032C8BE /* MockUserDefaults.swift in Sources */,
				096778DC21FB8ACF0018DEA6 /* DateHelpersTests.swift in Sources */,
				09DEF6D421F1457E00A25956 /* MarsRoverPhotosClientTests.swift in Sources */,
				097EBE1321F6B92E0032C8BE /* ComparableHelpersTests.swift in Sources */,
				09DEF6D221F11A5C00A25956 /* MarsRoverPhotosEndpointsTests.swift in Sources */,
			);
			runOnlyForDeploymentPostprocessing = 0;
		};
/* End PBXSourcesBuildPhase section */

/* Begin PBXTargetDependency section */
		09DEF6A221EFDF4C00A25956 /* PBXTargetDependency */ = {
			isa = PBXTargetDependency;
			target = 09DEF68B21EFDF4900A25956 /* NASACapstone */;
			targetProxy = 09DEF6A121EFDF4C00A25956 /* PBXContainerItemProxy */;
		};
/* End PBXTargetDependency section */

/* Begin PBXVariantGroup section */
		09DEF69321EFDF4900A25956 /* Main.storyboard */ = {
			isa = PBXVariantGroup;
			children = (
				09DEF69421EFDF4900A25956 /* Base */,
			);
			name = Main.storyboard;
			sourceTree = "<group>";
		};
		09DEF69821EFDF4B00A25956 /* LaunchScreen.storyboard */ = {
			isa = PBXVariantGroup;
			children = (
				09DEF69921EFDF4B00A25956 /* Base */,
			);
			name = LaunchScreen.storyboard;
			sourceTree = "<group>";
		};
/* End PBXVariantGroup section */

/* Begin XCBuildConfiguration section */
		09DEF6A721EFDF4C00A25956 /* Debug */ = {
			isa = XCBuildConfiguration;
			buildSettings = {
				ALWAYS_SEARCH_USER_PATHS = NO;
				CLANG_ANALYZER_NONNULL = YES;
				CLANG_ANALYZER_NUMBER_OBJECT_CONVERSION = YES_AGGRESSIVE;
				CLANG_CXX_LANGUAGE_STANDARD = "gnu++14";
				CLANG_CXX_LIBRARY = "libc++";
				CLANG_ENABLE_MODULES = YES;
				CLANG_ENABLE_OBJC_ARC = YES;
				CLANG_ENABLE_OBJC_WEAK = YES;
				CLANG_WARN_BLOCK_CAPTURE_AUTORELEASING = YES;
				CLANG_WARN_BOOL_CONVERSION = YES;
				CLANG_WARN_COMMA = YES;
				CLANG_WARN_CONSTANT_CONVERSION = YES;
				CLANG_WARN_DEPRECATED_OBJC_IMPLEMENTATIONS = YES;
				CLANG_WARN_DIRECT_OBJC_ISA_USAGE = YES_ERROR;
				CLANG_WARN_DOCUMENTATION_COMMENTS = YES;
				CLANG_WARN_EMPTY_BODY = YES;
				CLANG_WARN_ENUM_CONVERSION = YES;
				CLANG_WARN_INFINITE_RECURSION = YES;
				CLANG_WARN_INT_CONVERSION = YES;
				CLANG_WARN_NON_LITERAL_NULL_CONVERSION = YES;
				CLANG_WARN_OBJC_IMPLICIT_RETAIN_SELF = YES;
				CLANG_WARN_OBJC_LITERAL_CONVERSION = YES;
				CLANG_WARN_OBJC_ROOT_CLASS = YES_ERROR;
				CLANG_WARN_RANGE_LOOP_ANALYSIS = YES;
				CLANG_WARN_STRICT_PROTOTYPES = YES;
				CLANG_WARN_SUSPICIOUS_MOVE = YES;
				CLANG_WARN_UNGUARDED_AVAILABILITY = YES_AGGRESSIVE;
				CLANG_WARN_UNREACHABLE_CODE = YES;
				CLANG_WARN__DUPLICATE_METHOD_MATCH = YES;
				CODE_SIGN_IDENTITY = "iPhone Developer";
				COPY_PHASE_STRIP = NO;
				DEBUG_INFORMATION_FORMAT = dwarf;
				ENABLE_STRICT_OBJC_MSGSEND = YES;
				ENABLE_TESTABILITY = YES;
				GCC_C_LANGUAGE_STANDARD = gnu11;
				GCC_DYNAMIC_NO_PIC = NO;
				GCC_NO_COMMON_BLOCKS = YES;
				GCC_OPTIMIZATION_LEVEL = 0;
				GCC_PREPROCESSOR_DEFINITIONS = (
					"DEBUG=1",
					"$(inherited)",
				);
				GCC_WARN_64_TO_32_BIT_CONVERSION = YES;
				GCC_WARN_ABOUT_RETURN_TYPE = YES_ERROR;
				GCC_WARN_UNDECLARED_SELECTOR = YES;
				GCC_WARN_UNINITIALIZED_AUTOS = YES_AGGRESSIVE;
				GCC_WARN_UNUSED_FUNCTION = YES;
				GCC_WARN_UNUSED_VARIABLE = YES;
				IPHONEOS_DEPLOYMENT_TARGET = 12.1;
				MTL_ENABLE_DEBUG_INFO = INCLUDE_SOURCE;
				MTL_FAST_MATH = YES;
				ONLY_ACTIVE_ARCH = YES;
				SDKROOT = iphoneos;
				SWIFT_ACTIVE_COMPILATION_CONDITIONS = DEBUG;
				SWIFT_OPTIMIZATION_LEVEL = "-Onone";
			};
			name = Debug;
		};
		09DEF6A821EFDF4C00A25956 /* Release */ = {
			isa = XCBuildConfiguration;
			buildSettings = {
				ALWAYS_SEARCH_USER_PATHS = NO;
				CLANG_ANALYZER_NONNULL = YES;
				CLANG_ANALYZER_NUMBER_OBJECT_CONVERSION = YES_AGGRESSIVE;
				CLANG_CXX_LANGUAGE_STANDARD = "gnu++14";
				CLANG_CXX_LIBRARY = "libc++";
				CLANG_ENABLE_MODULES = YES;
				CLANG_ENABLE_OBJC_ARC = YES;
				CLANG_ENABLE_OBJC_WEAK = YES;
				CLANG_WARN_BLOCK_CAPTURE_AUTORELEASING = YES;
				CLANG_WARN_BOOL_CONVERSION = YES;
				CLANG_WARN_COMMA = YES;
				CLANG_WARN_CONSTANT_CONVERSION = YES;
				CLANG_WARN_DEPRECATED_OBJC_IMPLEMENTATIONS = YES;
				CLANG_WARN_DIRECT_OBJC_ISA_USAGE = YES_ERROR;
				CLANG_WARN_DOCUMENTATION_COMMENTS = YES;
				CLANG_WARN_EMPTY_BODY = YES;
				CLANG_WARN_ENUM_CONVERSION = YES;
				CLANG_WARN_INFINITE_RECURSION = YES;
				CLANG_WARN_INT_CONVERSION = YES;
				CLANG_WARN_NON_LITERAL_NULL_CONVERSION = YES;
				CLANG_WARN_OBJC_IMPLICIT_RETAIN_SELF = YES;
				CLANG_WARN_OBJC_LITERAL_CONVERSION = YES;
				CLANG_WARN_OBJC_ROOT_CLASS = YES_ERROR;
				CLANG_WARN_RANGE_LOOP_ANALYSIS = YES;
				CLANG_WARN_STRICT_PROTOTYPES = YES;
				CLANG_WARN_SUSPICIOUS_MOVE = YES;
				CLANG_WARN_UNGUARDED_AVAILABILITY = YES_AGGRESSIVE;
				CLANG_WARN_UNREACHABLE_CODE = YES;
				CLANG_WARN__DUPLICATE_METHOD_MATCH = YES;
				CODE_SIGN_IDENTITY = "iPhone Developer";
				COPY_PHASE_STRIP = NO;
				DEBUG_INFORMATION_FORMAT = "dwarf-with-dsym";
				ENABLE_NS_ASSERTIONS = NO;
				ENABLE_STRICT_OBJC_MSGSEND = YES;
				GCC_C_LANGUAGE_STANDARD = gnu11;
				GCC_NO_COMMON_BLOCKS = YES;
				GCC_WARN_64_TO_32_BIT_CONVERSION = YES;
				GCC_WARN_ABOUT_RETURN_TYPE = YES_ERROR;
				GCC_WARN_UNDECLARED_SELECTOR = YES;
				GCC_WARN_UNINITIALIZED_AUTOS = YES_AGGRESSIVE;
				GCC_WARN_UNUSED_FUNCTION = YES;
				GCC_WARN_UNUSED_VARIABLE = YES;
				IPHONEOS_DEPLOYMENT_TARGET = 12.1;
				MTL_ENABLE_DEBUG_INFO = NO;
				MTL_FAST_MATH = YES;
				SDKROOT = iphoneos;
				SWIFT_COMPILATION_MODE = wholemodule;
				SWIFT_OPTIMIZATION_LEVEL = "-O";
				VALIDATE_PRODUCT = YES;
			};
			name = Release;
		};
		09DEF6AA21EFDF4C00A25956 /* Debug */ = {
			isa = XCBuildConfiguration;
			buildSettings = {
				ASSETCATALOG_COMPILER_APPICON_NAME = AppIcon;
				CODE_SIGN_STYLE = Automatic;
				DEVELOPMENT_TEAM = HNRE2G9YKL;
				FRAMEWORK_SEARCH_PATHS = (
					"$(inherited)",
					"$(PROJECT_DIR)/Carthage/Build/iOS",
				);
				INFOPLIST_FILE = NASACapstone/Info.plist;
				LD_RUNPATH_SEARCH_PATHS = (
					"$(inherited)",
					"@executable_path/Frameworks",
				);
				PRODUCT_BUNDLE_IDENTIFIER = com.roundandrhombus.NASACapstone;
				PRODUCT_NAME = "$(TARGET_NAME)";
				SWIFT_VERSION = 4.2;
				TARGETED_DEVICE_FAMILY = "1,2";
			};
			name = Debug;
		};
		09DEF6AB21EFDF4C00A25956 /* Release */ = {
			isa = XCBuildConfiguration;
			buildSettings = {
				ASSETCATALOG_COMPILER_APPICON_NAME = AppIcon;
				CODE_SIGN_STYLE = Automatic;
				DEVELOPMENT_TEAM = HNRE2G9YKL;
				FRAMEWORK_SEARCH_PATHS = (
					"$(inherited)",
					"$(PROJECT_DIR)/Carthage/Build/iOS",
				);
				INFOPLIST_FILE = NASACapstone/Info.plist;
				LD_RUNPATH_SEARCH_PATHS = (
					"$(inherited)",
					"@executable_path/Frameworks",
				);
				PRODUCT_BUNDLE_IDENTIFIER = com.roundandrhombus.NASACapstone;
				PRODUCT_NAME = "$(TARGET_NAME)";
				SWIFT_VERSION = 4.2;
				TARGETED_DEVICE_FAMILY = "1,2";
			};
			name = Release;
		};
		09DEF6AD21EFDF4C00A25956 /* Debug */ = {
			isa = XCBuildConfiguration;
			buildSettings = {
				ALWAYS_EMBED_SWIFT_STANDARD_LIBRARIES = YES;
				BUNDLE_LOADER = "$(TEST_HOST)";
				CODE_SIGN_STYLE = Automatic;
				DEVELOPMENT_TEAM = HNRE2G9YKL;
				INFOPLIST_FILE = NASACapstoneTests/Info.plist;
				LD_RUNPATH_SEARCH_PATHS = (
					"$(inherited)",
					"@executable_path/Frameworks",
					"@loader_path/Frameworks",
				);
				PRODUCT_BUNDLE_IDENTIFIER = com.roundandrhombus.NASACapstoneTests;
				PRODUCT_NAME = "$(TARGET_NAME)";
				SWIFT_VERSION = 4.2;
				TARGETED_DEVICE_FAMILY = "1,2";
				TEST_HOST = "$(BUILT_PRODUCTS_DIR)/NASACapstone.app/NASACapstone";
			};
			name = Debug;
		};
		09DEF6AE21EFDF4C00A25956 /* Release */ = {
			isa = XCBuildConfiguration;
			buildSettings = {
				ALWAYS_EMBED_SWIFT_STANDARD_LIBRARIES = YES;
				BUNDLE_LOADER = "$(TEST_HOST)";
				CODE_SIGN_STYLE = Automatic;
				DEVELOPMENT_TEAM = HNRE2G9YKL;
				INFOPLIST_FILE = NASACapstoneTests/Info.plist;
				LD_RUNPATH_SEARCH_PATHS = (
					"$(inherited)",
					"@executable_path/Frameworks",
					"@loader_path/Frameworks",
				);
				PRODUCT_BUNDLE_IDENTIFIER = com.roundandrhombus.NASACapstoneTests;
				PRODUCT_NAME = "$(TARGET_NAME)";
				SWIFT_VERSION = 4.2;
				TARGETED_DEVICE_FAMILY = "1,2";
				TEST_HOST = "$(BUILT_PRODUCTS_DIR)/NASACapstone.app/NASACapstone";
			};
			name = Release;
		};
/* End XCBuildConfiguration section */

/* Begin XCConfigurationList section */
		09DEF68721EFDF4900A25956 /* Build configuration list for PBXProject "NASACapstone" */ = {
			isa = XCConfigurationList;
			buildConfigurations = (
				09DEF6A721EFDF4C00A25956 /* Debug */,
				09DEF6A821EFDF4C00A25956 /* Release */,
			);
			defaultConfigurationIsVisible = 0;
			defaultConfigurationName = Release;
		};
		09DEF6A921EFDF4C00A25956 /* Build configuration list for PBXNativeTarget "NASACapstone" */ = {
			isa = XCConfigurationList;
			buildConfigurations = (
				09DEF6AA21EFDF4C00A25956 /* Debug */,
				09DEF6AB21EFDF4C00A25956 /* Release */,
			);
			defaultConfigurationIsVisible = 0;
			defaultConfigurationName = Release;
		};
		09DEF6AC21EFDF4C00A25956 /* Build configuration list for PBXNativeTarget "NASACapstoneTests" */ = {
			isa = XCConfigurationList;
			buildConfigurations = (
				09DEF6AD21EFDF4C00A25956 /* Debug */,
				09DEF6AE21EFDF4C00A25956 /* Release */,
			);
			defaultConfigurationIsVisible = 0;
			defaultConfigurationName = Release;
		};
/* End XCConfigurationList section */
	};
	rootObject = 09DEF68421EFDF4900A25956 /* Project object */;
}
